<Solution>
  <Project Path="BankingConsoleApp/BankingConsoleApp.csproj" Id="1d1c6750-f027-4476-86d1-f54a03546f63" />
  <Project Path="ConsoleApp1/ConsoleApp1.csproj" />
  <Project Path="Csharp Fundamentals - Part 1/Csharp Fundamentals - Part 1.csproj" Id="a1623913-12fc-49d4-89df-9777a60793c0" />
  <Project Path="Csharp Fundamentals - Part 2/Csharp Fundamentals - Part 2.csproj" Id="a64675af-4a1b-45e4-8ce5-e38694a6da7b" />
  <Project Path="Csharp Fundamentals - Part 3/Csharp Fundamentals - Part 3.csproj" Id="da9c2954-1700-4c2d-a119-7ccdad5ffd9d" />
  <Project Path="Csharp Fundamentals - Part 4/Csharp Fundamentals - Part 4.csproj" Id="de0305e2-d3c7-4e99-9d51-fdbbb89fa941" />
  <Project Path="Csharp Fundamentals - Part 5/Csharp Fundamentals - Part 5.csproj" Id="27522986-be91-41a0-88cd-71f9acc69885" />
</Solution>
